
Microsoft Visual Studio Solution File, Format Version 12.00
# Visual Studio Version 17
VisualStudioVersion = 17.7.34202.233
MinimumVisualStudioVersion = 10.0.40219.1
Project("{9A19103F-16F7-4668-BE54-9A1E7A4F7556}") = "optativoIIIFinal", "optativoIIIFinal\optativoIIIFinal.csproj", "{71CDB13B-BF96-477B-AC9D-655CE2134ED3}"
EndProject
Project("{9A19103F-16F7-4668-BE54-9A1E7A4F7556}") = "infra", "infra\infra.csproj", "{71A93EDC-5A94-465A-B32F-A89BC3A29D7C}"
EndProject
Project("{9A19103F-16F7-4668-BE54-9A1E7A4F7556}") = "service", "service\service.csproj", "{003BEAF5-110F-4104-A15A-321C3F7E00F5}"
EndProject
Global
	GlobalSection(SolutionConfigurationPlatforms) = preSolution
		Debug|Any CPU = Debug|Any CPU
		Release|Any CPU = Release|Any CPU
	EndGlobalSection
	GlobalSection(ProjectConfigurationPlatforms) = postSolution
		{71CDB13B-BF96-477B-AC9D-655CE2134ED3}.Debug|Any CPU.ActiveCfg = Debug|Any CPU
		{71CDB13B-BF96-477B-AC9D-655CE2134ED3}.Debug|Any CPU.Build.0 = Debug|Any CPU
		{71CDB13B-BF96-477B-AC9D-655CE2134ED3}.Release|Any CPU.ActiveCfg = Release|Any CPU
		{71CDB13B-BF96-477B-AC9D-655CE2134ED3}.Release|Any CPU.Build.0 = Release|Any CPU
		{71A93EDC-5A94-465A-B32F-A89BC3A29D7C}.Debug|Any CPU.ActiveCfg = Debug|Any CPU
		{71A93EDC-5A94-465A-B32F-A89BC3A29D7C}.Debug|Any CPU.Build.0 = Debug|Any CPU
		{71A93EDC-5A94-465A-B32F-A89BC3A29D7C}.Release|Any CPU.ActiveCfg = Release|Any CPU
		{71A93EDC-5A94-465A-B32F-A89BC3A29D7C}.Release|Any CPU.Build.0 = Release|Any CPU
		{003BEAF5-110F-4104-A15A-321C3F7E00F5}.Debug|Any CPU.ActiveCfg = Debug|Any CPU
		{003BEAF5-110F-4104-A15A-321C3F7E00F5}.Debug|Any CPU.Build.0 = Debug|Any CPU
		{003BEAF5-110F-4104-A15A-321C3F7E00F5}.Release|Any CPU.ActiveCfg = Release|Any CPU
		{003BEAF5-110F-4104-A15A-321C3F7E00F5}.Release|Any CPU.Build.0 = Release|Any CPU
	EndGlobalSection
	GlobalSection(SolutionProperties) = preSolution
		HideSolutionNode = FALSE
	EndGlobalSection
	GlobalSection(ExtensibilityGlobals) = postSolution
		SolutionGuid = {BE91DBBA-394C-4744-9A37-EF2384C74B2A}
	EndGlobalSection
EndGlobal
